
Microsoft Visual Studio Solution File, Format Version 12.00
# Visual Studio 14
VisualStudioVersion = 14.0.25420.1
MinimumVisualStudioVersion = 10.0.40219.1
Project("{2150E333-8FDC-42A3-9474-1A3956D46DE8}") = "src", "src", "{77B628DF-6FA7-4830-B4DD-BB6B68540B43}"
EndProject
Project("{2150E333-8FDC-42A3-9474-1A3956D46DE8}") = "Solution Items", "Solution Items", "{00CFE23D-521B-4D93-9323-6F8DE35988D7}"
	ProjectSection(SolutionItems) = preProject
		global.json = global.json
	EndProjectSection
EndProject
Project("{8BB2217D-0F2D-49D1-97BC-3654ED321F3B}") = "BasicsOfAsp.netCoreAndAngular2", "src\BasicsOfAsp.netCoreAndAngular2\BasicsOfAsp.netCoreAndAngular2.xproj", "{83696224-6FD5-4CB5-82DB-FB77188FD824}"
EndProject
Global
	GlobalSection(SolutionConfigurationPlatforms) = preSolution
		Debug|Any CPU = Debug|Any CPU
		Release|Any CPU = Release|Any CPU
	EndGlobalSection
	GlobalSection(ProjectConfigurationPlatforms) = postSolution
		{83696224-6FD5-4CB5-82DB-FB77188FD824}.Debug|Any CPU.ActiveCfg = Debug|Any CPU
		{83696224-6FD5-4CB5-82DB-FB77188FD824}.Debug|Any CPU.Build.0 = Debug|Any CPU
		{83696224-6FD5-4CB5-82DB-FB77188FD824}.Release|Any CPU.ActiveCfg = Release|Any CPU
		{83696224-6FD5-4CB5-82DB-FB77188FD824}.Release|Any CPU.Build.0 = Release|Any CPU
	EndGlobalSection
	GlobalSection(SolutionProperties) = preSolution
		HideSolutionNode = FALSE
	EndGlobalSection
	GlobalSection(NestedProjects) = preSolution
		{83696224-6FD5-4CB5-82DB-FB77188FD824} = {77B628DF-6FA7-4830-B4DD-BB6B68540B43}
	EndGlobalSection
EndGlobal
